
Microsoft Visual Studio Solution File, Format Version 12.00
# Visual Studio Version 17
VisualStudioVersion = 17.4.33213.308
MinimumVisualStudioVersion = 10.0.40219.1
Project("{FAE04EC0-301F-11D3-BF4B-00C04F79EFBC}") = "xivmodimage", "xivmodimage\xivmodimage.csproj", "{FF2EB163-2BC9-4534-9B52-504B6FA3C766}"
EndProject
Global
	GlobalSection(SolutionConfigurationPlatforms) = preSolution
		Debug|Any CPU = Debug|Any CPU
		Release|Any CPU = Release|Any CPU
	EndGlobalSection
	GlobalSection(ProjectConfigurationPlatforms) = postSolution
		{FF2EB163-2BC9-4534-9B52-504B6FA3C766}.Debug|Any CPU.ActiveCfg = Debug|Any CPU
		{FF2EB163-2BC9-4534-9B52-504B6FA3C766}.Debug|Any CPU.Build.0 = Debug|Any CPU
		{FF2EB163-2BC9-4534-9B52-504B6FA3C766}.Release|Any CPU.ActiveCfg = Release|Any CPU
		{FF2EB163-2BC9-4534-9B52-504B6FA3C766}.Release|Any CPU.Build.0 = Release|Any CPU
	EndGlobalSection
	GlobalSection(SolutionProperties) = preSolution
		HideSolutionNode = FALSE
	EndGlobalSection
	GlobalSection(ExtensibilityGlobals) = postSolution
		SolutionGuid = {208A8BA0-BBEE-4A95-98BB-E588744C85B4}
	EndGlobalSection
EndGlobal
